{
  "version": 2,
  "dependencies": {
    ".NETStandard,Version=v2.0": {
      "Nerdbank.GitVersioning": {
        "type": "Direct",
        "requested": "[3.8.118, )",
        "resolved": "3.8.118",
        "contentHash": "cRaG+ICcECG+CzbtQyUV2WftH7yl2B02AjYGGNScXx8TwYavZYwhCewBTiC0qTcsac7m6AzBUYna5xzBWmTGYw=="
      },
      "NETStandard.Library": {
        "type": "Direct",
        "requested": "[2.0.3, )",
        "resolved": "2.0.3",
        "contentHash": "st47PosZSHrjECdjeIzZQbzivYBJFv6P2nv4cj2ypdI204DO+vZ7l5raGMiX4eXMJ53RfOIg+/s4DHVZ54Nu2A==",
        "dependencies": {
          "Microsoft.NETCore.Platforms": "1.1.0"
        }
      },
      "PolySharp": {
        "type": "Direct",
        "requested": "[1.16.0, )",
        "resolved": "1.16.0",
        "contentHash": "3kdIIceBPumwjw279FuiVMfVENT2cGASXJgcigdySsbX2dJB8ofUgG6i47yqF/k1qu6fvNR3csrSekZPviR6kQ=="
      },
      "Roslynator.Analyzers": {
        "type": "Direct",
        "requested": "[4.16.1, )",
        "resolved": "4.16.1",
        "contentHash": "AGzq3UZvIwTGSh9xyIna+Q9F666S8UaLlX/Pk3Iz21qIAWjL8iYporVCcX1k/oi5chrRZ8VJRahup4me4HZptw=="
      },
      "Roslynator.CodeAnalysis.Analyzers": {
        "type": "Direct",
        "requested": "[4.16.1, )",
        "resolved": "4.16.1",
        "contentHash": "1RTxtLoPwvedkYx4lV6QFEkLnnh7AGjJckFcZcIWbaNAWgSflLHjk0i6xB5OoPROzMAGMc/8I10kh3BW01pj3g=="
      },
      "Roslynator.Formatting.Analyzers": {
        "type": "Direct",
        "requested": "[4.16.1, )",
        "resolved": "4.16.1",
        "contentHash": "/ZJSaEux84qnviRHJysHGKufCO3+9TtHHijQMZCW+zVrd7c2lFI6Utbzxb2ddCZAJOZaCT4RgbAEeCsOPIf4uw=="
      },
      "Microsoft.NETCore.Platforms": {
        "type": "Transitive",
        "resolved": "1.1.0",
        "contentHash": "kz0PEW2lhqygehI/d6XsPCQzD7ff7gUJaVGPVETX611eadGsA3A877GdSlU0LRVMCTH/+P3o2iDTak+S08V2+A=="
      }
    }
  }
}